
Microsoft Visual Studio Solution File, Format Version 12.00
Project("{FAE04EC0-301F-11D3-BF4B-00C04F79EFBC}") = "EmployeesApp", "EmployeesApp\EmployeesApp.csproj", "{733F4B22-21DA-4BA5-88EC-2482B1E93B62}"
EndProject
Global
	GlobalSection(SolutionConfigurationPlatforms) = preSolution
		Debug|Any CPU = Debug|Any CPU
		Release|Any CPU = Release|Any CPU
	EndGlobalSection
	GlobalSection(ProjectConfigurationPlatforms) = postSolution
		{733F4B22-21DA-4BA5-88EC-2482B1E93B62}.Debug|Any CPU.ActiveCfg = Debug|Any CPU
		{733F4B22-21DA-4BA5-88EC-2482B1E93B62}.Debug|Any CPU.Build.0 = Debug|Any CPU
		{733F4B22-21DA-4BA5-88EC-2482B1E93B62}.Release|Any CPU.ActiveCfg = Release|Any CPU
		{733F4B22-21DA-4BA5-88EC-2482B1E93B62}.Release|Any CPU.Build.0 = Release|Any CPU
	EndGlobalSection
EndGlobal
